github.com/fsnotify/fsnotify v1.5.1 h1:mZcQUHVQUQWoPXXtuf9yuEXKudkV2sx1E06UadKWpgI=
github.com/fsnotify/fsnotify v1.5.1/go.mod h1:T3375wBYaZdLLcVNkcVbzGHY7f1l/uK5T5Ai1i3InKU=
github.com/google/logger v1.1.1 h1:+6Z2geNxc9G+4D4oDO9njjjn2d0wN5d7uOo0vOIW1NQ=
github.com/google/logger v1.1.1/go.mod h1:BkeJZ+1FhQ+/d087r4dzojEg1u2ZX+ZqG1jTUrLM+zQ=
github.com/s3rj1k/go-fanotify/fanotify v0.0.0-20191125112157-eb8b6ee54e02 h1:RiweWzge9KgaZNZ1g/3koKR4hh5+fyZPfgzSDKAf40U=
github.com/s3rj1k/go-fanotify/fanotify v0.0.0-20191125112157-eb8b6ee54e02/go.mod h1:wiP6GQ2T378F+YIyuNw7yXtBxJZR+fqrrn1Z6UHZi0Q=
golang.org/x/sys v0.0.0-20191120155948-bd437916bb0e/go.mod h1:h1NjWce9XRLGQEsW7wpKNCjG9DtNlClVuFLEZdDNbEs=
golang.org/x/sys v0.0.0-20210426230700-d19ff857e887/go.mod h1:h1NjWce9XRLGQEsW7wpKNCjG9DtNlClVuFLEZdDNbEs=
golang.org/x/sys v0.0.0-20210630005230-0f9fa26af87c h1:F1jZWGFhYfh0Ci55sIpILtKKK8p3i2/krTr0H1rg74I=
golang.org/x/sys v0.0.0-20210630005230-0f9fa26af87c/go.mod h1:oPkhp1MJrh7nUepCBck5+mAzfO9JrbApNNgaTdGDITg=
